// !$*UTF8*$!
{
	archiveVersion = 1;
	classes = {
	};
	objectVersion = 55;
	objects = {

/* Begin PBXBuildFile section */
		274EDFFB293138FD0042B8E3 /* Qatar-Challenge WatchKit App.app in Embed Watch Content */ = {isa = PBXBuildFile; fileRef = 274EDFFA293138FD0042B8E3 /* Qatar-Challenge WatchKit App.app */; settings = {ATTRIBUTES = (RemoveHeadersOnCopy, ); }; };
		274EE000293138FE0042B8E3 /* Assets.xcassets in Resources */ = {isa = PBXBuildFile; fileRef = 274EDFFF293138FE0042B8E3 /* Assets.xcassets */; };
		274EE006293138FE0042B8E3 /* Qatar-Challenge WatchKit Extension.appex in Embed App Extensions */ = {isa = PBXBuildFile; fileRef = 274EE005293138FE0042B8E3 /* Qatar-Challenge WatchKit Extension.appex */; settings = {ATTRIBUTES = (RemoveHeadersOnCopy, ); }; };
		274EE00B293138FE0042B8E3 /* Qatar_ChallengeApp.swift in Sources */ = {isa = PBXBuildFile; fileRef = 274EE00A293138FE0042B8E3 /* Qatar_ChallengeApp.swift */; };
		274EE00D293138FE0042B8E3 /* ContentView.swift in Sources */ = {isa = PBXBuildFile; fileRef = 274EE00C293138FE0042B8E3 /* ContentView.swift */; };
		274EE00F293138FE0042B8E3 /* NotificationController.swift in Sources */ = {isa = PBXBuildFile; fileRef = 274EE00E293138FE0042B8E3 /* NotificationController.swift */; };
		274EE011293138FE0042B8E3 /* NotificationView.swift in Sources */ = {isa = PBXBuildFile; fileRef = 274EE010293138FE0042B8E3 /* NotificationView.swift */; };
		274EE013293138FE0042B8E3 /* ComplicationController.swift in Sources */ = {isa = PBXBuildFile; fileRef = 274EE012293138FE0042B8E3 /* ComplicationController.swift */; };
		274EE015293138FF0042B8E3 /* Assets.xcassets in Resources */ = {isa = PBXBuildFile; fileRef = 274EE014293138FF0042B8E3 /* Assets.xcassets */; };
		274EE018293138FF0042B8E3 /* Preview Assets.xcassets in Resources */ = {isa = PBXBuildFile; fileRef = 274EE017293138FF0042B8E3 /* Preview Assets.xcassets */; };
		86ED17402932DFD000371E3C /* Color+Hex.swift in Sources */ = {isa = PBXBuildFile; fileRef = 86ED173F2932DFD000371E3C /* Color+Hex.swift */; };
		E91B07AB29327F1B00055D99 /* InitialCard.swift in Sources */ = {isa = PBXBuildFile; fileRef = E91B07AA29327F1B00055D99 /* InitialCard.swift */; };
		E91B07AE2932949F00055D99 /* Preview Assets.xcassets in Resources */ = {isa = PBXBuildFile; fileRef = 274EE017293138FF0042B8E3 /* Preview Assets.xcassets */; };
		E91B07AF293294B400055D99 /* Assets.xcassets in Resources */ = {isa = PBXBuildFile; fileRef = 274EDFFF293138FE0042B8E3 /* Assets.xcassets */; };
/* End PBXBuildFile section */

/* Begin PBXContainerItemProxy section */
		274EDFFC293138FD0042B8E3 /* PBXContainerItemProxy */ = {
			isa = PBXContainerItemProxy;
			containerPortal = 274EDFF0293138FD0042B8E3 /* Project object */;
			proxyType = 1;
			remoteGlobalIDString = 274EDFF9293138FD0042B8E3;
			remoteInfo = "Qatar-Challenge WatchKit App";
		};
		274EE007293138FE0042B8E3 /* PBXContainerItemProxy */ = {
			isa = PBXContainerItemProxy;
			containerPortal = 274EDFF0293138FD0042B8E3 /* Project object */;
			proxyType = 1;
			remoteGlobalIDString = 274EE004293138FE0042B8E3;
			remoteInfo = "Qatar-Challenge WatchKit Extension";
		};
/* End PBXContainerItemProxy section */

/* Begin PBXCopyFilesBuildPhase section */
		274EE020293138FF0042B8E3 /* Embed App Extensions */ = {
			isa = PBXCopyFilesBuildPhase;
			buildActionMask = 2147483647;
			dstPath = "";
			dstSubfolderSpec = 13;
			files = (
				274EE006293138FE0042B8E3 /* Qatar-Challenge WatchKit Extension.appex in Embed App Extensions */,
			);
			name = "Embed App Extensions";
			runOnlyForDeploymentPostprocessing = 0;
		};
		274EE024293138FF0042B8E3 /* Embed Watch Content */ = {
			isa = PBXCopyFilesBuildPhase;
			buildActionMask = 2147483647;
			dstPath = "$(CONTENTS_FOLDER_PATH)/Watch";
			dstSubfolderSpec = 16;
			files = (
				274EDFFB293138FD0042B8E3 /* Qatar-Challenge WatchKit App.app in Embed Watch Content */,
			);
			name = "Embed Watch Content";
			runOnlyForDeploymentPostprocessing = 0;
		};
/* End PBXCopyFilesBuildPhase section */

/* Begin PBXFileReference section */
		274EDFF6293138FD0042B8E3 /* Qatar-Challenge.app */ = {isa = PBXFileReference; explicitFileType = wrapper.application; includeInIndex = 0; path = "Qatar-Challenge.app"; sourceTree = BUILT_PRODUCTS_DIR; };
		274EDFFA293138FD0042B8E3 /* Qatar-Challenge WatchKit App.app */ = {isa = PBXFileReference; explicitFileType = wrapper.application; includeInIndex = 0; path = "Qatar-Challenge WatchKit App.app"; sourceTree = BUILT_PRODUCTS_DIR; };
		274EDFFF293138FE0042B8E3 /* Assets.xcassets */ = {isa = PBXFileReference; lastKnownFileType = folder.assetcatalog; path = Assets.xcassets; sourceTree = "<group>"; };
		274EE005293138FE0042B8E3 /* Qatar-Challenge WatchKit Extension.appex */ = {isa = PBXFileReference; explicitFileType = "wrapper.app-extension"; includeInIndex = 0; path = "Qatar-Challenge WatchKit Extension.appex"; sourceTree = BUILT_PRODUCTS_DIR; };
		274EE00A293138FE0042B8E3 /* Qatar_ChallengeApp.swift */ = {isa = PBXFileReference; lastKnownFileType = sourcecode.swift; path = Qatar_ChallengeApp.swift; sourceTree = "<group>"; };
		274EE00C293138FE0042B8E3 /* ContentView.swift */ = {isa = PBXFileReference; lastKnownFileType = sourcecode.swift; path = ContentView.swift; sourceTree = "<group>"; };
		274EE00E293138FE0042B8E3 /* NotificationController.swift */ = {isa = PBXFileReference; lastKnownFileType = sourcecode.swift; path = NotificationController.swift; sourceTree = "<group>"; };
		274EE010293138FE0042B8E3 /* NotificationView.swift */ = {isa = PBXFileReference; lastKnownFileType = sourcecode.swift; path = NotificationView.swift; sourceTree = "<group>"; };
		274EE012293138FE0042B8E3 /* ComplicationController.swift */ = {isa = PBXFileReference; lastKnownFileType = sourcecode.swift; path = ComplicationController.swift; sourceTree = "<group>"; };
		274EE014293138FF0042B8E3 /* Assets.xcassets */ = {isa = PBXFileReference; lastKnownFileType = folder.assetcatalog; path = Assets.xcassets; sourceTree = "<group>"; };
		274EE017293138FF0042B8E3 /* Preview Assets.xcassets */ = {isa = PBXFileReference; lastKnownFileType = folder.assetcatalog; path = "Preview Assets.xcassets"; sourceTree = "<group>"; };
		274EE019293138FF0042B8E3 /* Info.plist */ = {isa = PBXFileReference; lastKnownFileType = text.plist.xml; path = Info.plist; sourceTree = "<group>"; };
		274EE01A293138FF0042B8E3 /* PushNotificationPayload.apns */ = {isa = PBXFileReference; lastKnownFileType = text; path = PushNotificationPayload.apns; sourceTree = "<group>"; };
		86ED173F2932DFD000371E3C /* Color+Hex.swift */ = {isa = PBXFileReference; lastKnownFileType = sourcecode.swift; name = "Color+Hex.swift"; path = "Qatar-Challenge WatchKit Extension/Color+Hex.swift"; sourceTree = SOURCE_ROOT; };
		E91B07AA29327F1B00055D99 /* InitialCard.swift */ = {isa = PBXFileReference; lastKnownFileType = sourcecode.swift; path = InitialCard.swift; sourceTree = "<group>"; };
/* End PBXFileReference section */

/* Begin PBXFrameworksBuildPhase section */
		274EE002293138FE0042B8E3 /* Frameworks */ = {
			isa = PBXFrameworksBuildPhase;
			buildActionMask = 2147483647;
			files = (
			);
			runOnlyForDeploymentPostprocessing = 0;
		};
/* End PBXFrameworksBuildPhase section */

/* Begin PBXGroup section */
		274EDFEF293138FD0042B8E3 = {
			isa = PBXGroup;
			children = (
				274EDFFE293138FD0042B8E3 /* Qatar-Challenge WatchKit App */,
				274EE009293138FE0042B8E3 /* Qatar-Challenge WatchKit Extension */,
				274EDFF7293138FD0042B8E3 /* Products */,
			);
			sourceTree = "<group>";
		};
		274EDFF7293138FD0042B8E3 /* Products */ = {
			isa = PBXGroup;
			children = (
				274EDFF6293138FD0042B8E3 /* Qatar-Challenge.app */,
				274EDFFA293138FD0042B8E3 /* Qatar-Challenge WatchKit App.app */,
				274EE005293138FE0042B8E3 /* Qatar-Challenge WatchKit Extension.appex */,
			);
			name = Products;
			sourceTree = "<group>";
		};
		274EDFFE293138FD0042B8E3 /* Qatar-Challenge WatchKit App */ = {
			isa = PBXGroup;
			children = (
				274EDFFF293138FE0042B8E3 /* Assets.xcassets */,
			);
			path = "Qatar-Challenge WatchKit App";
			sourceTree = "<group>";
		};
		274EE009293138FE0042B8E3 /* Qatar-Challenge WatchKit Extension */ = {
			isa = PBXGroup;
			children = (
				274EE02D293139A60042B8E3 /* Views */,
				274EE02C293139710042B8E3 /* Protocols */,
				274EE02B2931396A0042B8E3 /* Models */,
				274EE02A293139640042B8E3 /* Extensions */,
				274EE0292931395E0042B8E3 /* Enums */,
				274EE028293139550042B8E3 /* Controllers */,
				274EE00A293138FE0042B8E3 /* Qatar_ChallengeApp.swift */,
				274EE00C293138FE0042B8E3 /* ContentView.swift */,
				274EE010293138FE0042B8E3 /* NotificationView.swift */,
				274EE014293138FF0042B8E3 /* Assets.xcassets */,
				274EE019293138FF0042B8E3 /* Info.plist */,
				274EE01A293138FF0042B8E3 /* PushNotificationPayload.apns */,
				274EE016293138FF0042B8E3 /* Preview Content */,
			);
			path = "Qatar-Challenge WatchKit Extension";
			sourceTree = "<group>";
		};
		274EE016293138FF0042B8E3 /* Preview Content */ = {
			isa = PBXGroup;
			children = (
				274EE017293138FF0042B8E3 /* Preview Assets.xcassets */,
			);
			path = "Preview Content";
			sourceTree = "<group>";
		};
		274EE028293139550042B8E3 /* Controllers */ = {
			isa = PBXGroup;
			children = (
				274EE012293138FE0042B8E3 /* ComplicationController.swift */,
				274EE00E293138FE0042B8E3 /* NotificationController.swift */,
			);
			path = Controllers;
			sourceTree = "<group>";
		};
		274EE0292931395E0042B8E3 /* Enums */ = {
			isa = PBXGroup;
			children = (
			);
			path = Enums;
			sourceTree = "<group>";
		};
		274EE02A293139640042B8E3 /* Extensions */ = {
			isa = PBXGroup;
			children = (
				86ED173F2932DFD000371E3C /* Color+Hex.swift */,
			);
			path = Extensions;
			sourceTree = "<group>";
		};
		274EE02B2931396A0042B8E3 /* Models */ = {
			isa = PBXGroup;
			children = (
			);
			path = Models;
			sourceTree = "<group>";
		};
		274EE02C293139710042B8E3 /* Protocols */ = {
			isa = PBXGroup;
			children = (
			);
			path = Protocols;
			sourceTree = "<group>";
		};
		274EE02D293139A60042B8E3 /* Views */ = {
			isa = PBXGroup;
			children = (
				E91B07AA29327F1B00055D99 /* InitialCard.swift */,
			);
			path = Views;
			sourceTree = "<group>";
		};
/* End PBXGroup section */

/* Begin PBXNativeTarget section */
		274EDFF5293138FD0042B8E3 /* Qatar-Challenge */ = {
			isa = PBXNativeTarget;
			buildConfigurationList = 274EE025293138FF0042B8E3 /* Build configuration list for PBXNativeTarget "Qatar-Challenge" */;
			buildPhases = (
				274EDFF4293138FD0042B8E3 /* Resources */,
				274EE024293138FF0042B8E3 /* Embed Watch Content */,
			);
			buildRules = (
			);
			dependencies = (
				274EDFFD293138FD0042B8E3 /* PBXTargetDependency */,
			);
			name = "Qatar-Challenge";
			productName = "Qatar-Challenge";
			productReference = 274EDFF6293138FD0042B8E3 /* Qatar-Challenge.app */;
			productType = "com.apple.product-type.application.watchapp2-container";
		};
		274EDFF9293138FD0042B8E3 /* Qatar-Challenge WatchKit App */ = {
			isa = PBXNativeTarget;
			buildConfigurationList = 274EE021293138FF0042B8E3 /* Build configuration list for PBXNativeTarget "Qatar-Challenge WatchKit App" */;
			buildPhases = (
				274EDFF8293138FD0042B8E3 /* Resources */,
				274EE020293138FF0042B8E3 /* Embed App Extensions */,
			);
			buildRules = (
			);
			dependencies = (
				274EE008293138FE0042B8E3 /* PBXTargetDependency */,
			);
			name = "Qatar-Challenge WatchKit App";
			productName = "Qatar-Challenge WatchKit App";
			productReference = 274EDFFA293138FD0042B8E3 /* Qatar-Challenge WatchKit App.app */;
			productType = "com.apple.product-type.application.watchapp2";
		};
		274EE004293138FE0042B8E3 /* Qatar-Challenge WatchKit Extension */ = {
			isa = PBXNativeTarget;
			buildConfigurationList = 274EE01D293138FF0042B8E3 /* Build configuration list for PBXNativeTarget "Qatar-Challenge WatchKit Extension" */;
			buildPhases = (
				274EE001293138FE0042B8E3 /* Sources */,
				274EE002293138FE0042B8E3 /* Frameworks */,
				274EE003293138FE0042B8E3 /* Resources */,
			);
			buildRules = (
			);
			dependencies = (
			);
			name = "Qatar-Challenge WatchKit Extension";
			productName = "Qatar-Challenge WatchKit Extension";
			productReference = 274EE005293138FE0042B8E3 /* Qatar-Challenge WatchKit Extension.appex */;
			productType = "com.apple.product-type.watchkit2-extension";
		};
/* End PBXNativeTarget section */

/* Begin PBXProject section */
		274EDFF0293138FD0042B8E3 /* Project object */ = {
			isa = PBXProject;
			attributes = {
				BuildIndependentTargetsInParallel = 1;
				LastSwiftUpdateCheck = 1340;
				LastUpgradeCheck = 1340;
				TargetAttributes = {
					274EDFF5293138FD0042B8E3 = {
						CreatedOnToolsVersion = 13.4.1;
					};
					274EDFF9293138FD0042B8E3 = {
						CreatedOnToolsVersion = 13.4.1;
					};
					274EE004293138FE0042B8E3 = {
						CreatedOnToolsVersion = 13.4.1;
					};
				};
			};
			buildConfigurationList = 274EDFF3293138FD0042B8E3 /* Build configuration list for PBXProject "Qatar-Challenge" */;
			compatibilityVersion = "Xcode 13.0";
			developmentRegion = en;
			hasScannedForEncodings = 0;
			knownRegions = (
				en,
				Base,
			);
			mainGroup = 274EDFEF293138FD0042B8E3;
			productRefGroup = 274EDFF7293138FD0042B8E3 /* Products */;
			projectDirPath = "";
			projectRoot = "";
			targets = (
				274EDFF5293138FD0042B8E3 /* Qatar-Challenge */,
				274EDFF9293138FD0042B8E3 /* Qatar-Challenge WatchKit App */,
				274EE004293138FE0042B8E3 /* Qatar-Challenge WatchKit Extension */,
			);
		};
/* End PBXProject section */

/* Begin PBXResourcesBuildPhase section */
		274EDFF4293138FD0042B8E3 /* Resources */ = {
			isa = PBXResourcesBuildPhase;
			buildActionMask = 2147483647;
			files = (
				E91B07AF293294B400055D99 /* Assets.xcassets in Resources */,
				E91B07AE2932949F00055D99 /* Preview Assets.xcassets in Resources */,
			);
			runOnlyForDeploymentPostprocessing = 0;
		};
		274EDFF8293138FD0042B8E3 /* Resources */ = {
			isa = PBXResourcesBuildPhase;
			buildActionMask = 2147483647;
			files = (
				274EE000293138FE0042B8E3 /* Assets.xcassets in Resources */,
			);
			runOnlyForDeploymentPostprocessing = 0;
		};
		274EE003293138FE0042B8E3 /* Resources */ = {
			isa = PBXResourcesBuildPhase;
			buildActionMask = 2147483647;
			files = (
				274EE018293138FF0042B8E3 /* Preview Assets.xcassets in Resources */,
				274EE015293138FF0042B8E3 /* Assets.xcassets in Resources */,
			);
			runOnlyForDeploymentPostprocessing = 0;
		};
/* End PBXResourcesBuildPhase section */

/* Begin PBXSourcesBuildPhase section */
		274EE001293138FE0042B8E3 /* Sources */ = {
			isa = PBXSourcesBuildPhase;
			buildActionMask = 2147483647;
			files = (
				274EE00F293138FE0042B8E3 /* NotificationController.swift in Sources */,
				274EE00D293138FE0042B8E3 /* ContentView.swift in Sources */,
				274EE013293138FE0042B8E3 /* ComplicationController.swift in Sources */,
				274EE00B293138FE0042B8E3 /* Qatar_ChallengeApp.swift in Sources */,
				E91B07AB29327F1B00055D99 /* InitialCard.swift in Sources */,
				274EE011293138FE0042B8E3 /* NotificationView.swift in Sources */,
				86ED17402932DFD000371E3C /* Color+Hex.swift in Sources */,
			);
			runOnlyForDeploymentPostprocessing = 0;
		};
/* End PBXSourcesBuildPhase section */

/* Begin PBXTargetDependency section */
		274EDFFD293138FD0042B8E3 /* PBXTargetDependency */ = {
			isa = PBXTargetDependency;
			target = 274EDFF9293138FD0042B8E3 /* Qatar-Challenge WatchKit App */;
			targetProxy = 274EDFFC293138FD0042B8E3 /* PBXContainerItemProxy */;
		};
		274EE008293138FE0042B8E3 /* PBXTargetDependency */ = {
			isa = PBXTargetDependency;
			target = 274EE004293138FE0042B8E3 /* Qatar-Challenge WatchKit Extension */;
			targetProxy = 274EE007293138FE0042B8E3 /* PBXContainerItemProxy */;
		};
/* End PBXTargetDependency section */

/* Begin XCBuildConfiguration section */
		274EE01B293138FF0042B8E3 /* Debug */ = {
			isa = XCBuildConfiguration;
			buildSettings = {
				ALWAYS_SEARCH_USER_PATHS = NO;
				CLANG_ANALYZER_NONNULL = YES;
				CLANG_ANALYZER_NUMBER_OBJECT_CONVERSION = YES_AGGRESSIVE;
				CLANG_CXX_LANGUAGE_STANDARD = "gnu++17";
				CLANG_ENABLE_MODULES = YES;
				CLANG_ENABLE_OBJC_ARC = YES;
				CLANG_ENABLE_OBJC_WEAK = YES;
				CLANG_WARN_BLOCK_CAPTURE_AUTORELEASING = YES;
				CLANG_WARN_BOOL_CONVERSION = YES;
				CLANG_WARN_COMMA = YES;
				CLANG_WARN_CONSTANT_CONVERSION = YES;
				CLANG_WARN_DEPRECATED_OBJC_IMPLEMENTATIONS = YES;
				CLANG_WARN_DIRECT_OBJC_ISA_USAGE = YES_ERROR;
				CLANG_WARN_DOCUMENTATION_COMMENTS = YES;
				CLANG_WARN_EMPTY_BODY = YES;
				CLANG_WARN_ENUM_CONVERSION = YES;
				CLANG_WARN_INFINITE_RECURSION = YES;
				CLANG_WARN_INT_CONVERSION = YES;
				CLANG_WARN_NON_LITERAL_NULL_CONVERSION = YES;
				CLANG_WARN_OBJC_IMPLICIT_RETAIN_SELF = YES;
				CLANG_WARN_OBJC_LITERAL_CONVERSION = YES;
				CLANG_WARN_OBJC_ROOT_CLASS = YES_ERROR;
				CLANG_WARN_QUOTED_INCLUDE_IN_FRAMEWORK_HEADER = YES;
				CLANG_WARN_RANGE_LOOP_ANALYSIS = YES;
				CLANG_WARN_STRICT_PROTOTYPES = YES;
				CLANG_WARN_SUSPICIOUS_MOVE = YES;
				CLANG_WARN_UNGUARDED_AVAILABILITY = YES_AGGRESSIVE;
				CLANG_WARN_UNREACHABLE_CODE = YES;
				CLANG_WARN__DUPLICATE_METHOD_MATCH = YES;
				COPY_PHASE_STRIP = NO;
				DEBUG_INFORMATION_FORMAT = dwarf;
				ENABLE_STRICT_OBJC_MSGSEND = YES;
				ENABLE_TESTABILITY = YES;
				GCC_C_LANGUAGE_STANDARD = gnu11;
				GCC_DYNAMIC_NO_PIC = NO;
				GCC_NO_COMMON_BLOCKS = YES;
				GCC_OPTIMIZATION_LEVEL = 0;
				GCC_PREPROCESSOR_DEFINITIONS = (
					"DEBUG=1",
					"$(inherited)",
				);
				GCC_WARN_64_TO_32_BIT_CONVERSION = YES;
				GCC_WARN_ABOUT_RETURN_TYPE = YES_ERROR;
				GCC_WARN_UNDECLARED_SELECTOR = YES;
				GCC_WARN_UNINITIALIZED_AUTOS = YES_AGGRESSIVE;
				GCC_WARN_UNUSED_FUNCTION = YES;
				GCC_WARN_UNUSED_VARIABLE = YES;
				MTL_ENABLE_DEBUG_INFO = INCLUDE_SOURCE;
				MTL_FAST_MATH = YES;
				ONLY_ACTIVE_ARCH = YES;
				SDKROOT = iphoneos;
				SWIFT_ACTIVE_COMPILATION_CONDITIONS = DEBUG;
				SWIFT_OPTIMIZATION_LEVEL = "-Onone";
			};
			name = Debug;
		};
		274EE01C293138FF0042B8E3 /* Release */ = {
			isa = XCBuildConfiguration;
			buildSettings = {
				ALWAYS_SEARCH_USER_PATHS = NO;
				CLANG_ANALYZER_NONNULL = YES;
				CLANG_ANALYZER_NUMBER_OBJECT_CONVERSION = YES_AGGRESSIVE;
				CLANG_CXX_LANGUAGE_STANDARD = "gnu++17";
				CLANG_ENABLE_MODULES = YES;
				CLANG_ENABLE_OBJC_ARC = YES;
				CLANG_ENABLE_OBJC_WEAK = YES;
				CLANG_WARN_BLOCK_CAPTURE_AUTORELEASING = YES;
				CLANG_WARN_BOOL_CONVERSION = YES;
				CLANG_WARN_COMMA = YES;
				CLANG_WARN_CONSTANT_CONVERSION = YES;
				CLANG_WARN_DEPRECATED_OBJC_IMPLEMENTATIONS = YES;
				CLANG_WARN_DIRECT_OBJC_ISA_USAGE = YES_ERROR;
				CLANG_WARN_DOCUMENTATION_COMMENTS = YES;
				CLANG_WARN_EMPTY_BODY = YES;
				CLANG_WARN_ENUM_CONVERSION = YES;
				CLANG_WARN_INFINITE_RECURSION = YES;
				CLANG_WARN_INT_CONVERSION = YES;
				CLANG_WARN_NON_LITERAL_NULL_CONVERSION = YES;
				CLANG_WARN_OBJC_IMPLICIT_RETAIN_SELF = YES;
				CLANG_WARN_OBJC_LITERAL_CONVERSION = YES;
				CLANG_WARN_OBJC_ROOT_CLASS = YES_ERROR;
				CLANG_WARN_QUOTED_INCLUDE_IN_FRAMEWORK_HEADER = YES;
				CLANG_WARN_RANGE_LOOP_ANALYSIS = YES;
				CLANG_WARN_STRICT_PROTOTYPES = YES;
				CLANG_WARN_SUSPICIOUS_MOVE = YES;
				CLANG_WARN_UNGUARDED_AVAILABILITY = YES_AGGRESSIVE;
				CLANG_WARN_UNREACHABLE_CODE = YES;
				CLANG_WARN__DUPLICATE_METHOD_MATCH = YES;
				COPY_PHASE_STRIP = NO;
				DEBUG_INFORMATION_FORMAT = "dwarf-with-dsym";
				ENABLE_NS_ASSERTIONS = NO;
				ENABLE_STRICT_OBJC_MSGSEND = YES;
				GCC_C_LANGUAGE_STANDARD = gnu11;
				GCC_NO_COMMON_BLOCKS = YES;
				GCC_WARN_64_TO_32_BIT_CONVERSION = YES;
				GCC_WARN_ABOUT_RETURN_TYPE = YES_ERROR;
				GCC_WARN_UNDECLARED_SELECTOR = YES;
				GCC_WARN_UNINITIALIZED_AUTOS = YES_AGGRESSIVE;
				GCC_WARN_UNUSED_FUNCTION = YES;
				GCC_WARN_UNUSED_VARIABLE = YES;
				MTL_ENABLE_DEBUG_INFO = NO;
				MTL_FAST_MATH = YES;
				SDKROOT = iphoneos;
				SWIFT_COMPILATION_MODE = wholemodule;
				SWIFT_OPTIMIZATION_LEVEL = "-O";
				VALIDATE_PRODUCT = YES;
			};
			name = Release;
		};
		274EE01E293138FF0042B8E3 /* Debug */ = {
			isa = XCBuildConfiguration;
			buildSettings = {
				ASSETCATALOG_COMPILER_COMPLICATION_NAME = Complication;
				CODE_SIGN_STYLE = Automatic;
				CURRENT_PROJECT_VERSION = 1;
				DEVELOPMENT_ASSET_PATHS = "\"Qatar-Challenge WatchKit Extension/Preview Content\"";
				DEVELOPMENT_TEAM = V8K8MHSNH4;
				ENABLE_PREVIEWS = YES;
				GENERATE_INFOPLIST_FILE = YES;
				INFOPLIST_FILE = "Qatar-Challenge WatchKit Extension/Info.plist";
				INFOPLIST_KEY_CFBundleDisplayName = "Qatar-Challenge WatchKit Extension";
				INFOPLIST_KEY_CLKComplicationPrincipalClass = "$(PRODUCT_MODULE_NAME).ComplicationController";
				INFOPLIST_KEY_NSHumanReadableCopyright = "";
				INFOPLIST_KEY_WKWatchOnly = YES;
				LD_RUNPATH_SEARCH_PATHS = (
					"$(inherited)",
					"@executable_path/Frameworks",
					"@executable_path/../../Frameworks",
				);
				MARKETING_VERSION = 1.0;
				PRODUCT_BUNDLE_IDENTIFIER = "br.ufpe.cin.academy.Qatar-Challenge.watchkitapp.watchkitextension";
				PRODUCT_NAME = "${TARGET_NAME}";
				SDKROOT = watchos;
				SKIP_INSTALL = YES;
				SWIFT_EMIT_LOC_STRINGS = YES;
				SWIFT_VERSION = 5.0;
				TARGETED_DEVICE_FAMILY = 4;
				WATCHOS_DEPLOYMENT_TARGET = 8.5;
			};
			name = Debug;
		};
		274EE01F293138FF0042B8E3 /* Release */ = {
			isa = XCBuildConfiguration;
			buildSettings = {
				ASSETCATALOG_COMPILER_COMPLICATION_NAME = Complication;
				CODE_SIGN_STYLE = Automatic;
				CURRENT_PROJECT_VERSION = 1;
				DEVELOPMENT_ASSET_PATHS = "\"Qatar-Challenge WatchKit Extension/Preview Content\"";
				DEVELOPMENT_TEAM = V8K8MHSNH4;
				ENABLE_PREVIEWS = YES;
				GENERATE_INFOPLIST_FILE = YES;
				INFOPLIST_FILE = "Qatar-Challenge WatchKit Extension/Info.plist";
				INFOPLIST_KEY_CFBundleDisplayName = "Qatar-Challenge WatchKit Extension";
				INFOPLIST_KEY_CLKComplicationPrincipalClass = "$(PRODUCT_MODULE_NAME).ComplicationController";
				INFOPLIST_KEY_NSHumanReadableCopyright = "";
				INFOPLIST_KEY_WKWatchOnly = YES;
				LD_RUNPATH_SEARCH_PATHS = (
					"$(inherited)",
					"@executable_path/Frameworks",
					"@executable_path/../../Frameworks",
				);
				MARKETING_VERSION = 1.0;
				PRODUCT_BUNDLE_IDENTIFIER = "br.ufpe.cin.academy.Qatar-Challenge.watchkitapp.watchkitextension";
				PRODUCT_NAME = "${TARGET_NAME}";
				SDKROOT = watchos;
				SKIP_INSTALL = YES;
				SWIFT_EMIT_LOC_STRINGS = YES;
				SWIFT_VERSION = 5.0;
				TARGETED_DEVICE_FAMILY = 4;
				WATCHOS_DEPLOYMENT_TARGET = 8.5;
			};
			name = Release;
		};
		274EE022293138FF0042B8E3 /* Debug */ = {
			isa = XCBuildConfiguration;
			buildSettings = {
				ALWAYS_EMBED_SWIFT_STANDARD_LIBRARIES = YES;
				ASSETCATALOG_COMPILER_APPICON_NAME = AppIcon;
				ASSETCATALOG_COMPILER_GLOBAL_ACCENT_COLOR_NAME = AccentColor;
				CODE_SIGN_STYLE = Automatic;
				CURRENT_PROJECT_VERSION = 1;
				DEVELOPMENT_TEAM = V8K8MHSNH4;
				GENERATE_INFOPLIST_FILE = YES;
				IBSC_MODULE = Qatar_Challenge_WatchKit_Extension;
				INFOPLIST_KEY_CFBundleDisplayName = "Qatar-Challenge WatchKit App";
				INFOPLIST_KEY_UISupportedInterfaceOrientations = "UIInterfaceOrientationPortrait UIInterfaceOrientationPortraitUpsideDown";
				MARKETING_VERSION = 1.0;
				PRODUCT_BUNDLE_IDENTIFIER = "br.ufpe.cin.academy.Qatar-Challenge.watchkitapp";
				PRODUCT_NAME = "$(TARGET_NAME)";
				SDKROOT = watchos;
				SKIP_INSTALL = YES;
				SWIFT_EMIT_LOC_STRINGS = YES;
				SWIFT_VERSION = 5.0;
				TARGETED_DEVICE_FAMILY = 4;
				WATCHOS_DEPLOYMENT_TARGET = 8.5;
			};
			name = Debug;
		};
		274EE023293138FF0042B8E3 /* Release */ = {
			isa = XCBuildConfiguration;
			buildSettings = {
				ALWAYS_EMBED_SWIFT_STANDARD_LIBRARIES = YES;
				ASSETCATALOG_COMPILER_APPICON_NAME = AppIcon;
				ASSETCATALOG_COMPILER_GLOBAL_ACCENT_COLOR_NAME = AccentColor;
				CODE_SIGN_STYLE = Automatic;
				CURRENT_PROJECT_VERSION = 1;
				DEVELOPMENT_TEAM = V8K8MHSNH4;
				GENERATE_INFOPLIST_FILE = YES;
				IBSC_MODULE = Qatar_Challenge_WatchKit_Extension;
				INFOPLIST_KEY_CFBundleDisplayName = "Qatar-Challenge WatchKit App";
				INFOPLIST_KEY_UISupportedInterfaceOrientations = "UIInterfaceOrientationPortrait UIInterfaceOrientationPortraitUpsideDown";
				MARKETING_VERSION = 1.0;
				PRODUCT_BUNDLE_IDENTIFIER = "br.ufpe.cin.academy.Qatar-Challenge.watchkitapp";
				PRODUCT_NAME = "$(TARGET_NAME)";
				SDKROOT = watchos;
				SKIP_INSTALL = YES;
				SWIFT_EMIT_LOC_STRINGS = YES;
				SWIFT_VERSION = 5.0;
				TARGETED_DEVICE_FAMILY = 4;
				WATCHOS_DEPLOYMENT_TARGET = 8.5;
			};
			name = Release;
		};
		274EE026293138FF0042B8E3 /* Debug */ = {
			isa = XCBuildConfiguration;
			buildSettings = {
				CODE_SIGN_STYLE = Automatic;
				CURRENT_PROJECT_VERSION = 1;
				DEVELOPMENT_TEAM = V8K8MHSNH4;
				MARKETING_VERSION = 1.0;
				PRODUCT_BUNDLE_IDENTIFIER = "br.ufpe.cin.academy.Qatar-Challenge";
				PRODUCT_NAME = "$(TARGET_NAME)";
				SWIFT_VERSION = 5.0;
			};
			name = Debug;
		};
		274EE027293138FF0042B8E3 /* Release */ = {
			isa = XCBuildConfiguration;
			buildSettings = {
				CODE_SIGN_STYLE = Automatic;
				CURRENT_PROJECT_VERSION = 1;
				DEVELOPMENT_TEAM = V8K8MHSNH4;
				MARKETING_VERSION = 1.0;
				PRODUCT_BUNDLE_IDENTIFIER = "br.ufpe.cin.academy.Qatar-Challenge";
				PRODUCT_NAME = "$(TARGET_NAME)";
				SWIFT_VERSION = 5.0;
			};
			name = Release;
		};
/* End XCBuildConfiguration section */

/* Begin XCConfigurationList section */
		274EDFF3293138FD0042B8E3 /* Build configuration list for PBXProject "Qatar-Challenge" */ = {
			isa = XCConfigurationList;
			buildConfigurations = (
				274EE01B293138FF0042B8E3 /* Debug */,
				274EE01C293138FF0042B8E3 /* Release */,
			);
			defaultConfigurationIsVisible = 0;
			defaultConfigurationName = Release;
		};
		274EE01D293138FF0042B8E3 /* Build configuration list for PBXNativeTarget "Qatar-Challenge WatchKit Extension" */ = {
			isa = XCConfigurationList;
			buildConfigurations = (
				274EE01E293138FF0042B8E3 /* Debug */,
				274EE01F293138FF0042B8E3 /* Release */,
			);
			defaultConfigurationIsVisible = 0;
			defaultConfigurationName = Release;
		};
		274EE021293138FF0042B8E3 /* Build configuration list for PBXNativeTarget "Qatar-Challenge WatchKit App" */ = {
			isa = XCConfigurationList;
			buildConfigurations = (
				274EE022293138FF0042B8E3 /* Debug */,
				274EE023293138FF0042B8E3 /* Release */,
			);
			defaultConfigurationIsVisible = 0;
			defaultConfigurationName = Release;
		};
		274EE025293138FF0042B8E3 /* Build configuration list for PBXNativeTarget "Qatar-Challenge" */ = {
			isa = XCConfigurationList;
			buildConfigurations = (
				274EE026293138FF0042B8E3 /* Debug */,
				274EE027293138FF0042B8E3 /* Release */,
			);
			defaultConfigurationIsVisible = 0;
			defaultConfigurationName = Release;
		};
/* End XCConfigurationList section */
	};
	rootObject = 274EDFF0293138FD0042B8E3 /* Project object */;
}
